
Microsoft Visual Studio Solution File, Format Version 12.00
# Visual Studio Version 17
VisualStudioVersion = 17.0.31903.59
MinimumVisualStudioVersion = 10.0.40219.1
Project("{2150E333-8FDC-42A3-9474-1A3956D46DE8}") = "src", "src", "{827E0CD3-B72D-47B6-A68D-7590B98EB39B}"
EndProject
Project("{FAE04EC0-301F-11D3-BF4B-00C04F79EFBC}") = "StickyMD.Core", "src\StickyMD.Core\StickyMD.Core.csproj", "{132D8F84-A707-436D-9C38-42768C1D4633}"
EndProject
Project("{2150E333-8FDC-42A3-9474-1A3956D46DE8}") = "tests", "tests", "{0AB3BF05-4346-4AA6-1389-037BE0695223}"
EndProject
Project("{FAE04EC0-301F-11D3-BF4B-00C04F79EFBC}") = "StickyMD.Core.Tests", "tests\StickyMD.Core.Tests\StickyMD.Core.Tests.csproj", "{EAAE0F95-D2C3-46BE-8B59-C06FF972F657}"
EndProject
Project("{FAE04EC0-301F-11D3-BF4B-00C04F79EFBC}") = "StickyMD.App.Tests", "tests\StickyMD.App.Tests\StickyMD.App.Tests.csproj", "{84D407BA-7A6A-4130-BD29-F5F3EB5AFA8E}"
EndProject
Project("{FAE04EC0-301F-11D3-BF4B-00C04F79EFBC}") = "StickyMD.App", "src\StickyMD.App\StickyMD.App.csproj", "{FD757CEF-FA70-420D-8C4E-DA059A493BDE}"
EndProject
Global
	GlobalSection(SolutionConfigurationPlatforms) = preSolution
		Debug|Any CPU = Debug|Any CPU
		Debug|x64 = Debug|x64
		Debug|x86 = Debug|x86
		Release|Any CPU = Release|Any CPU
		Release|x64 = Release|x64
		Release|x86 = Release|x86
	EndGlobalSection
	GlobalSection(ProjectConfigurationPlatforms) = postSolution
		{132D8F84-A707-436D-9C38-42768C1D4633}.Debug|Any CPU.ActiveCfg = Debug|Any CPU
		{132D8F84-A707-436D-9C38-42768C1D4633}.Debug|Any CPU.Build.0 = Debug|Any CPU
		{132D8F84-A707-436D-9C38-42768C1D4633}.Debug|x64.ActiveCfg = Debug|Any CPU
		{132D8F84-A707-436D-9C38-42768C1D4633}.Debug|x64.Build.0 = Debug|Any CPU
		{132D8F84-A707-436D-9C38-42768C1D4633}.Debug|x86.ActiveCfg = Debug|Any CPU
		{132D8F84-A707-436D-9C38-42768C1D4633}.Debug|x86.Build.0 = Debug|Any CPU
		{132D8F84-A707-436D-9C38-42768C1D4633}.Release|Any CPU.ActiveCfg = Release|Any CPU
		{132D8F84-A707-436D-9C38-42768C1D4633}.Release|Any CPU.Build.0 = Release|Any CPU
		{132D8F84-A707-436D-9C38-42768C1D4633}.Release|x64.ActiveCfg = Release|Any CPU
		{132D8F84-A707-436D-9C38-42768C1D4633}.Release|x64.Build.0 = Release|Any CPU
		{132D8F84-A707-436D-9C38-42768C1D4633}.Release|x86.ActiveCfg = Release|Any CPU
		{132D8F84-A707-436D-9C38-42768C1D4633}.Release|x86.Build.0 = Release|Any CPU
		{EAAE0F95-D2C3-46BE-8B59-C06FF972F657}.Debug|Any CPU.ActiveCfg = Debug|Any CPU
		{EAAE0F95-D2C3-46BE-8B59-C06FF972F657}.Debug|Any CPU.Build.0 = Debug|Any CPU
		{EAAE0F95-D2C3-46BE-8B59-C06FF972F657}.Debug|x64.ActiveCfg = Debug|Any CPU
		{EAAE0F95-D2C3-46BE-8B59-C06FF972F657}.Debug|x64.Build.0 = Debug|Any CPU
		{EAAE0F95-D2C3-46BE-8B59-C06FF972F657}.Debug|x86.ActiveCfg = Debug|Any CPU
		{EAAE0F95-D2C3-46BE-8B59-C06FF972F657}.Debug|x86.Build.0 = Debug|Any CPU
		{EAAE0F95-D2C3-46BE-8B59-C06FF972F657}.Release|Any CPU.ActiveCfg = Release|Any CPU
		{EAAE0F95-D2C3-46BE-8B59-C06FF972F657}.Release|Any CPU.Build.0 = Release|Any CPU
		{EAAE0F95-D2C3-46BE-8B59-C06FF972F657}.Release|x64.ActiveCfg = Release|Any CPU
		{EAAE0F95-D2C3-46BE-8B59-C06FF972F657}.Release|x64.Build.0 = Release|Any CPU
		{EAAE0F95-D2C3-46BE-8B59-C06FF972F657}.Release|x86.ActiveCfg = Release|Any CPU
		{EAAE0F95-D2C3-46BE-8B59-C06FF972F657}.Release|x86.Build.0 = Release|Any CPU
		{84D407BA-7A6A-4130-BD29-F5F3EB5AFA8E}.Debug|Any CPU.ActiveCfg = Debug|Any CPU
		{84D407BA-7A6A-4130-BD29-F5F3EB5AFA8E}.Debug|Any CPU.Build.0 = Debug|Any CPU
		{84D407BA-7A6A-4130-BD29-F5F3EB5AFA8E}.Debug|x64.ActiveCfg = Debug|Any CPU
		{84D407BA-7A6A-4130-BD29-F5F3EB5AFA8E}.Debug|x64.Build.0 = Debug|Any CPU
		{84D407BA-7A6A-4130-BD29-F5F3EB5AFA8E}.Debug|x86.ActiveCfg = Debug|Any CPU
		{84D407BA-7A6A-4130-BD29-F5F3EB5AFA8E}.Debug|x86.Build.0 = Debug|Any CPU
		{84D407BA-7A6A-4130-BD29-F5F3EB5AFA8E}.Release|Any CPU.ActiveCfg = Release|Any CPU
		{84D407BA-7A6A-4130-BD29-F5F3EB5AFA8E}.Release|Any CPU.Build.0 = Release|Any CPU
		{84D407BA-7A6A-4130-BD29-F5F3EB5AFA8E}.Release|x64.ActiveCfg = Release|Any CPU
		{84D407BA-7A6A-4130-BD29-F5F3EB5AFA8E}.Release|x64.Build.0 = Release|Any CPU
		{84D407BA-7A6A-4130-BD29-F5F3EB5AFA8E}.Release|x86.ActiveCfg = Release|Any CPU
		{84D407BA-7A6A-4130-BD29-F5F3EB5AFA8E}.Release|x86.Build.0 = Release|Any CPU
		{FD757CEF-FA70-420D-8C4E-DA059A493BDE}.Debug|Any CPU.ActiveCfg = Debug|Any CPU
		{FD757CEF-FA70-420D-8C4E-DA059A493BDE}.Debug|Any CPU.Build.0 = Debug|Any CPU
		{FD757CEF-FA70-420D-8C4E-DA059A493BDE}.Debug|x64.ActiveCfg = Debug|Any CPU
		{FD757CEF-FA70-420D-8C4E-DA059A493BDE}.Debug|x64.Build.0 = Debug|Any CPU
		{FD757CEF-FA70-420D-8C4E-DA059A493BDE}.Debug|x86.ActiveCfg = Debug|Any CPU
		{FD757CEF-FA70-420D-8C4E-DA059A493BDE}.Debug|x86.Build.0 = Debug|Any CPU
		{FD757CEF-FA70-420D-8C4E-DA059A493BDE}.Release|Any CPU.ActiveCfg = Release|Any CPU
		{FD757CEF-FA70-420D-8C4E-DA059A493BDE}.Release|Any CPU.Build.0 = Release|Any CPU
		{FD757CEF-FA70-420D-8C4E-DA059A493BDE}.Release|x64.ActiveCfg = Release|Any CPU
		{FD757CEF-FA70-420D-8C4E-DA059A493BDE}.Release|x64.Build.0 = Release|Any CPU
		{FD757CEF-FA70-420D-8C4E-DA059A493BDE}.Release|x86.ActiveCfg = Release|Any CPU
		{FD757CEF-FA70-420D-8C4E-DA059A493BDE}.Release|x86.Build.0 = Release|Any CPU
	EndGlobalSection
	GlobalSection(SolutionProperties) = preSolution
		HideSolutionNode = FALSE
	EndGlobalSection
	GlobalSection(NestedProjects) = preSolution
		{132D8F84-A707-436D-9C38-42768C1D4633} = {827E0CD3-B72D-47B6-A68D-7590B98EB39B}
		{EAAE0F95-D2C3-46BE-8B59-C06FF972F657} = {0AB3BF05-4346-4AA6-1389-037BE0695223}
		{84D407BA-7A6A-4130-BD29-F5F3EB5AFA8E} = {0AB3BF05-4346-4AA6-1389-037BE0695223}
		{FD757CEF-FA70-420D-8C4E-DA059A493BDE} = {827E0CD3-B72D-47B6-A68D-7590B98EB39B}
	EndGlobalSection
EndGlobal
